// !$*UTF8*$!
{
	archiveVersion = 1;
	classes = {
	};
	objectVersion = 56;
	objects = {

/* Begin PBXBuildFile section */
		128720FD276E8C81690AABF3 /* Pods_Ticket_Management_System.framework in Frameworks */ = {isa = PBXBuildFile; fileRef = AB3736D913EBA7B16A7CC761 /* Pods_Ticket_Management_System.framework */; };
		A69A962F2A5FFFB800ED6850 /* AppDelegate.swift in Sources */ = {isa = PBXBuildFile; fileRef = A69A962E2A5FFFB800ED6850 /* AppDelegate.swift */; };
		A69A96312A5FFFB800ED6850 /* SceneDelegate.swift in Sources */ = {isa = PBXBuildFile; fileRef = A69A96302A5FFFB800ED6850 /* SceneDelegate.swift */; };
		A69A96332A5FFFB800ED6850 /* ViewController.swift in Sources */ = {isa = PBXBuildFile; fileRef = A69A96322A5FFFB800ED6850 /* ViewController.swift */; };
		A69A96362A5FFFB800ED6850 /* Main.storyboard in Resources */ = {isa = PBXBuildFile; fileRef = A69A96342A5FFFB800ED6850 /* Main.storyboard */; };
		A69A96382A5FFFBB00ED6850 /* Assets.xcassets in Resources */ = {isa = PBXBuildFile; fileRef = A69A96372A5FFFBB00ED6850 /* Assets.xcassets */; };
		A69A963B2A5FFFBB00ED6850 /* LaunchScreen.storyboard in Resources */ = {isa = PBXBuildFile; fileRef = A69A96392A5FFFBB00ED6850 /* LaunchScreen.storyboard */; };
/* End PBXBuildFile section */

/* Begin PBXFileReference section */
		7BECB6E98269500821EB05BA /* Pods-Ticket Management System.debug.xcconfig */ = {isa = PBXFileReference; includeInIndex = 1; lastKnownFileType = text.xcconfig; name = "Pods-Ticket Management System.debug.xcconfig"; path = "Target Support Files/Pods-Ticket Management System/Pods-Ticket Management System.debug.xcconfig"; sourceTree = "<group>"; };
		A69A962B2A5FFFB800ED6850 /* Ticket Management System.app */ = {isa = PBXFileReference; explicitFileType = wrapper.application; includeInIndex = 0; path = "Ticket Management System.app"; sourceTree = BUILT_PRODUCTS_DIR; };
		A69A962E2A5FFFB800ED6850 /* AppDelegate.swift */ = {isa = PBXFileReference; lastKnownFileType = sourcecode.swift; path = AppDelegate.swift; sourceTree = "<group>"; };
		A69A96302A5FFFB800ED6850 /* SceneDelegate.swift */ = {isa = PBXFileReference; lastKnownFileType = sourcecode.swift; path = SceneDelegate.swift; sourceTree = "<group>"; };
		A69A96322A5FFFB800ED6850 /* ViewController.swift */ = {isa = PBXFileReference; lastKnownFileType = sourcecode.swift; path = ViewController.swift; sourceTree = "<group>"; };
		A69A96352A5FFFB800ED6850 /* Base */ = {isa = PBXFileReference; lastKnownFileType = file.storyboard; name = Base; path = Base.lproj/Main.storyboard; sourceTree = "<group>"; };
		A69A96372A5FFFBB00ED6850 /* Assets.xcassets */ = {isa = PBXFileReference; lastKnownFileType = folder.assetcatalog; path = Assets.xcassets; sourceTree = "<group>"; };
		A69A963A2A5FFFBB00ED6850 /* Base */ = {isa = PBXFileReference; lastKnownFileType = file.storyboard; name = Base; path = Base.lproj/LaunchScreen.storyboard; sourceTree = "<group>"; };
		A69A963C2A5FFFBB00ED6850 /* Info.plist */ = {isa = PBXFileReference; lastKnownFileType = text.plist.xml; path = Info.plist; sourceTree = "<group>"; };
		A7DC21CF70F639F7C22AA6FA /* Pods-Ticket Management System.release.xcconfig */ = {isa = PBXFileReference; includeInIndex = 1; lastKnownFileType = text.xcconfig; name = "Pods-Ticket Management System.release.xcconfig"; path = "Target Support Files/Pods-Ticket Management System/Pods-Ticket Management System.release.xcconfig"; sourceTree = "<group>"; };
		AB3736D913EBA7B16A7CC761 /* Pods_Ticket_Management_System.framework */ = {isa = PBXFileReference; explicitFileType = wrapper.framework; includeInIndex = 0; path = Pods_Ticket_Management_System.framework; sourceTree = BUILT_PRODUCTS_DIR; };
/* End PBXFileReference section */

/* Begin PBXFrameworksBuildPhase section */
		A69A96282A5FFFB800ED6850 /* Frameworks */ = {
			isa = PBXFrameworksBuildPhase;
			buildActionMask = 2147483647;
			files = (
				128720FD276E8C81690AABF3 /* Pods_Ticket_Management_System.framework in Frameworks */,
			);
			runOnlyForDeploymentPostprocessing = 0;
		};
/* End PBXFrameworksBuildPhase section */

/* Begin PBXGroup section */
		25AC313FE39F054632FF5460 /* Pods */ = {
			isa = PBXGroup;
			children = (
				7BECB6E98269500821EB05BA /* Pods-Ticket Management System.debug.xcconfig */,
				A7DC21CF70F639F7C22AA6FA /* Pods-Ticket Management System.release.xcconfig */,
			);
			name = Pods;
			path = Pods;
			sourceTree = "<group>";
		};
		A0F51A87AFA7605FBA6F7F80 /* Frameworks */ = {
			isa = PBXGroup;
			children = (
				AB3736D913EBA7B16A7CC761 /* Pods_Ticket_Management_System.framework */,
			);
			name = Frameworks;
			sourceTree = "<group>";
		};
		A69A96222A5FFFB800ED6850 = {
			isa = PBXGroup;
			children = (
				A69A962D2A5FFFB800ED6850 /* Ticket Management System */,
				A69A962C2A5FFFB800ED6850 /* Products */,
				25AC313FE39F054632FF5460 /* Pods */,
				A0F51A87AFA7605FBA6F7F80 /* Frameworks */,
			);
			sourceTree = "<group>";
		};
		A69A962C2A5FFFB800ED6850 /* Products */ = {
			isa = PBXGroup;
			children = (
				A69A962B2A5FFFB800ED6850 /* Ticket Management System.app */,
			);
			name = Products;
			sourceTree = "<group>";
		};
		A69A962D2A5FFFB800ED6850 /* Ticket Management System */ = {
			isa = PBXGroup;
			children = (
				A69A962E2A5FFFB800ED6850 /* AppDelegate.swift */,
				A69A96302A5FFFB800ED6850 /* SceneDelegate.swift */,
				A69A96322A5FFFB800ED6850 /* ViewController.swift */,
				A69A96342A5FFFB800ED6850 /* Main.storyboard */,
				A69A96372A5FFFBB00ED6850 /* Assets.xcassets */,
				A69A96392A5FFFBB00ED6850 /* LaunchScreen.storyboard */,
				A69A963C2A5FFFBB00ED6850 /* Info.plist */,
			);
			path = "Ticket Management System";
			sourceTree = "<group>";
		};
/* End PBXGroup section */

/* Begin PBXNativeTarget section */
		A69A962A2A5FFFB800ED6850 /* Ticket Management System */ = {
			isa = PBXNativeTarget;
			buildConfigurationList = A69A963F2A5FFFBB00ED6850 /* Build configuration list for PBXNativeTarget "Ticket Management System" */;
			buildPhases = (
				51BEDB50A5795DA320EA63E2 /* [CP] Check Pods Manifest.lock */,
				A69A96272A5FFFB800ED6850 /* Sources */,
				A69A96282A5FFFB800ED6850 /* Frameworks */,
				A69A96292A5FFFB800ED6850 /* Resources */,
				80EF1A8B1F7DF96BC78A854A /* [CP] Embed Pods Frameworks */,
			);
			buildRules = (
			);
			dependencies = (
			);
			name = "Ticket Management System";
			productName = "Ticket Management System";
			productReference = A69A962B2A5FFFB800ED6850 /* Ticket Management System.app */;
			productType = "com.apple.product-type.application";
		};
/* End PBXNativeTarget section */

/* Begin PBXProject section */
		A69A96232A5FFFB800ED6850 /* Project object */ = {
			isa = PBXProject;
			attributes = {
				BuildIndependentTargetsInParallel = 1;
				LastSwiftUpdateCheck = 1430;
				LastUpgradeCheck = 1430;
				TargetAttributes = {
					A69A962A2A5FFFB800ED6850 = {
						CreatedOnToolsVersion = 14.3.1;
					};
				};
			};
			buildConfigurationList = A69A96262A5FFFB800ED6850 /* Build configuration list for PBXProject "Ticket Management System" */;
			compatibilityVersion = "Xcode 14.0";
			developmentRegion = en;
			hasScannedForEncodings = 0;
			knownRegions = (
				en,
				Base,
			);
			mainGroup = A69A96222A5FFFB800ED6850;
			productRefGroup = A69A962C2A5FFFB800ED6850 /* Products */;
			projectDirPath = "";
			projectRoot = "";
			targets = (
				A69A962A2A5FFFB800ED6850 /* Ticket Management System */,
			);
		};
/* End PBXProject section */

/* Begin PBXResourcesBuildPhase section */
		A69A96292A5FFFB800ED6850 /* Resources */ = {
			isa = PBXResourcesBuildPhase;
			buildActionMask = 2147483647;
			files = (
				A69A963B2A5FFFBB00ED6850 /* LaunchScreen.storyboard in Resources */,
				A69A96382A5FFFBB00ED6850 /* Assets.xcassets in Resources */,
				A69A96362A5FFFB800ED6850 /* Main.storyboard in Resources */,
			);
			runOnlyForDeploymentPostprocessing = 0;
		};
/* End PBXResourcesBuildPhase section */

/* Begin PBXShellScriptBuildPhase section */
		51BEDB50A5795DA320EA63E2 /* [CP] Check Pods Manifest.lock */ = {
			isa = PBXShellScriptBuildPhase;
			buildActionMask = 2147483647;
			files = (
			);
			inputFileListPaths = (
			);
			inputPaths = (
				"${PODS_PODFILE_DIR_PATH}/Podfile.lock",
				"${PODS_ROOT}/Manifest.lock",
			);
			name = "[CP] Check Pods Manifest.lock";
			outputFileListPaths = (
			);
			outputPaths = (
				"$(DERIVED_FILE_DIR)/Pods-Ticket Management System-checkManifestLockResult.txt",
			);
			runOnlyForDeploymentPostprocessing = 0;
			shellPath = /bin/sh;
			shellScript = "diff \"${PODS_PODFILE_DIR_PATH}/Podfile.lock\" \"${PODS_ROOT}/Manifest.lock\" > /dev/null\nif [ $? != 0 ] ; then\n    # print error to STDERR\n    echo \"error: The sandbox is not in sync with the Podfile.lock. Run 'pod install' or update your CocoaPods installation.\" >&2\n    exit 1\nfi\n# This output is used by Xcode 'outputs' to avoid re-running this script phase.\necho \"SUCCESS\" > \"${SCRIPT_OUTPUT_FILE_0}\"\n";
			showEnvVarsInLog = 0;
		};
		80EF1A8B1F7DF96BC78A854A /* [CP] Embed Pods Frameworks */ = {
			isa = PBXShellScriptBuildPhase;
			buildActionMask = 2147483647;
			files = (
			);
			inputFileListPaths = (
				"${PODS_ROOT}/Target Support Files/Pods-Ticket Management System/Pods-Ticket Management System-frameworks-${CONFIGURATION}-input-files.xcfilelist",
			);
			name = "[CP] Embed Pods Frameworks";
			outputFileListPaths = (
				"${PODS_ROOT}/Target Support Files/Pods-Ticket Management System/Pods-Ticket Management System-frameworks-${CONFIGURATION}-output-files.xcfilelist",
			);
			runOnlyForDeploymentPostprocessing = 0;
			shellPath = /bin/sh;
			shellScript = "\"${PODS_ROOT}/Target Support Files/Pods-Ticket Management System/Pods-Ticket Management System-frameworks.sh\"\n";
			showEnvVarsInLog = 0;
		};
/* End PBXShellScriptBuildPhase section */

/* Begin PBXSourcesBuildPhase section */
		A69A96272A5FFFB800ED6850 /* Sources */ = {
			isa = PBXSourcesBuildPhase;
			buildActionMask = 2147483647;
			files = (
				A69A96332A5FFFB800ED6850 /* ViewController.swift in Sources */,
				A69A962F2A5FFFB800ED6850 /* AppDelegate.swift in Sources */,
				A69A96312A5FFFB800ED6850 /* SceneDelegate.swift in Sources */,
			);
			runOnlyForDeploymentPostprocessing = 0;
		};
/* End PBXSourcesBuildPhase section */

/* Begin PBXVariantGroup section */
		A69A96342A5FFFB800ED6850 /* Main.storyboard */ = {
			isa = PBXVariantGroup;
			children = (
				A69A96352A5FFFB800ED6850 /* Base */,
			);
			name = Main.storyboard;
			sourceTree = "<group>";
		};
		A69A96392A5FFFBB00ED6850 /* LaunchScreen.storyboard */ = {
			isa = PBXVariantGroup;
			children = (
				A69A963A2A5FFFBB00ED6850 /* Base */,
			);
			name = LaunchScreen.storyboard;
			sourceTree = "<group>";
		};
/* End PBXVariantGroup section */

/* Begin XCBuildConfiguration section */
		A69A963D2A5FFFBB00ED6850 /* Debug */ = {
			isa = XCBuildConfiguration;
			buildSettings = {
				ALWAYS_SEARCH_USER_PATHS = NO;
				CLANG_ANALYZER_NONNULL = YES;
				CLANG_ANALYZER_NUMBER_OBJECT_CONVERSION = YES_AGGRESSIVE;
				CLANG_CXX_LANGUAGE_STANDARD = "gnu++20";
				CLANG_ENABLE_MODULES = YES;
				CLANG_ENABLE_OBJC_ARC = YES;
				CLANG_ENABLE_OBJC_WEAK = YES;
				CLANG_WARN_BLOCK_CAPTURE_AUTORELEASING = YES;
				CLANG_WARN_BOOL_CONVERSION = YES;
				CLANG_WARN_COMMA = YES;
				CLANG_WARN_CONSTANT_CONVERSION = YES;
				CLANG_WARN_DEPRECATED_OBJC_IMPLEMENTATIONS = YES;
				CLANG_WARN_DIRECT_OBJC_ISA_USAGE = YES_ERROR;
				CLANG_WARN_DOCUMENTATION_COMMENTS = YES;
				CLANG_WARN_EMPTY_BODY = YES;
				CLANG_WARN_ENUM_CONVERSION = YES;
				CLANG_WARN_INFINITE_RECURSION = YES;
				CLANG_WARN_INT_CONVERSION = YES;
				CLANG_WARN_NON_LITERAL_NULL_CONVERSION = YES;
				CLANG_WARN_OBJC_IMPLICIT_RETAIN_SELF = YES;
				CLANG_WARN_OBJC_LITERAL_CONVERSION = YES;
				CLANG_WARN_OBJC_ROOT_CLASS = YES_ERROR;
				CLANG_WARN_QUOTED_INCLUDE_IN_FRAMEWORK_HEADER = YES;
				CLANG_WARN_RANGE_LOOP_ANALYSIS = YES;
				CLANG_WARN_STRICT_PROTOTYPES = YES;
				CLANG_WARN_SUSPICIOUS_MOVE = YES;
				CLANG_WARN_UNGUARDED_AVAILABILITY = YES_AGGRESSIVE;
				CLANG_WARN_UNREACHABLE_CODE = YES;
				CLANG_WARN__DUPLICATE_METHOD_MATCH = YES;
				COPY_PHASE_STRIP = NO;
				DEBUG_INFORMATION_FORMAT = dwarf;
				ENABLE_STRICT_OBJC_MSGSEND = YES;
				ENABLE_TESTABILITY = YES;
				GCC_C_LANGUAGE_STANDARD = gnu11;
				GCC_DYNAMIC_NO_PIC = NO;
				GCC_NO_COMMON_BLOCKS = YES;
				GCC_OPTIMIZATION_LEVEL = 0;
				GCC_PREPROCESSOR_DEFINITIONS = (
					"DEBUG=1",
					"$(inherited)",
				);
				GCC_WARN_64_TO_32_BIT_CONVERSION = YES;
				GCC_WARN_ABOUT_RETURN_TYPE = YES_ERROR;
				GCC_WARN_UNDECLARED_SELECTOR = YES;
				GCC_WARN_UNINITIALIZED_AUTOS = YES_AGGRESSIVE;
				GCC_WARN_UNUSED_FUNCTION = YES;
				GCC_WARN_UNUSED_VARIABLE = YES;
				IPHONEOS_DEPLOYMENT_TARGET = 16.4;
				MTL_ENABLE_DEBUG_INFO = INCLUDE_SOURCE;
				MTL_FAST_MATH = YES;
				ONLY_ACTIVE_ARCH = YES;
				SDKROOT = iphoneos;
				SWIFT_ACTIVE_COMPILATION_CONDITIONS = DEBUG;
				SWIFT_OPTIMIZATION_LEVEL = "-Onone";
			};
			name = Debug;
		};
		A69A963E2A5FFFBB00ED6850 /* Release */ = {
			isa = XCBuildConfiguration;
			buildSettings = {
				ALWAYS_SEARCH_USER_PATHS = NO;
				CLANG_ANALYZER_NONNULL = YES;
				CLANG_ANALYZER_NUMBER_OBJECT_CONVERSION = YES_AGGRESSIVE;
				CLANG_CXX_LANGUAGE_STANDARD = "gnu++20";
				CLANG_ENABLE_MODULES = YES;
				CLANG_ENABLE_OBJC_ARC = YES;
				CLANG_ENABLE_OBJC_WEAK = YES;
				CLANG_WARN_BLOCK_CAPTURE_AUTORELEASING = YES;
				CLANG_WARN_BOOL_CONVERSION = YES;
				CLANG_WARN_COMMA = YES;
				CLANG_WARN_CONSTANT_CONVERSION = YES;
				CLANG_WARN_DEPRECATED_OBJC_IMPLEMENTATIONS = YES;
				CLANG_WARN_DIRECT_OBJC_ISA_USAGE = YES_ERROR;
				CLANG_WARN_DOCUMENTATION_COMMENTS = YES;
				CLANG_WARN_EMPTY_BODY = YES;
				CLANG_WARN_ENUM_CONVERSION = YES;
				CLANG_WARN_INFINITE_RECURSION = YES;
				CLANG_WARN_INT_CONVERSION = YES;
				CLANG_WARN_NON_LITERAL_NULL_CONVERSION = YES;
				CLANG_WARN_OBJC_IMPLICIT_RETAIN_SELF = YES;
				CLANG_WARN_OBJC_LITERAL_CONVERSION = YES;
				CLANG_WARN_OBJC_ROOT_CLASS = YES_ERROR;
				CLANG_WARN_QUOTED_INCLUDE_IN_FRAMEWORK_HEADER = YES;
				CLANG_WARN_RANGE_LOOP_ANALYSIS = YES;
				CLANG_WARN_STRICT_PROTOTYPES = YES;
				CLANG_WARN_SUSPICIOUS_MOVE = YES;
				CLANG_WARN_UNGUARDED_AVAILABILITY = YES_AGGRESSIVE;
				CLANG_WARN_UNREACHABLE_CODE = YES;
				CLANG_WARN__DUPLICATE_METHOD_MATCH = YES;
				COPY_PHASE_STRIP = NO;
				DEBUG_INFORMATION_FORMAT = "dwarf-with-dsym";
				ENABLE_NS_ASSERTIONS = NO;
				ENABLE_STRICT_OBJC_MSGSEND = YES;
				GCC_C_LANGUAGE_STANDARD = gnu11;
				GCC_NO_COMMON_BLOCKS = YES;
				GCC_WARN_64_TO_32_BIT_CONVERSION = YES;
				GCC_WARN_ABOUT_RETURN_TYPE = YES_ERROR;
				GCC_WARN_UNDECLARED_SELECTOR = YES;
				GCC_WARN_UNINITIALIZED_AUTOS = YES_AGGRESSIVE;
				GCC_WARN_UNUSED_FUNCTION = YES;
				GCC_WARN_UNUSED_VARIABLE = YES;
				IPHONEOS_DEPLOYMENT_TARGET = 16.4;
				MTL_ENABLE_DEBUG_INFO = NO;
				MTL_FAST_MATH = YES;
				SDKROOT = iphoneos;
				SWIFT_COMPILATION_MODE = wholemodule;
				SWIFT_OPTIMIZATION_LEVEL = "-O";
				VALIDATE_PRODUCT = YES;
			};
			name = Release;
		};
		A69A96402A5FFFBB00ED6850 /* Debug */ = {
			isa = XCBuildConfiguration;
			baseConfigurationReference = 7BECB6E98269500821EB05BA /* Pods-Ticket Management System.debug.xcconfig */;
			buildSettings = {
				ASSETCATALOG_COMPILER_APPICON_NAME = AppIcon;
				ASSETCATALOG_COMPILER_GLOBAL_ACCENT_COLOR_NAME = AccentColor;
				CODE_SIGN_STYLE = Automatic;
				CURRENT_PROJECT_VERSION = 1;
				DEVELOPMENT_TEAM = 55TZ27G7ZN;
				GENERATE_INFOPLIST_FILE = YES;
				INFOPLIST_FILE = "Ticket Management System/Info.plist";
				INFOPLIST_KEY_UIApplicationSupportsIndirectInputEvents = YES;
				INFOPLIST_KEY_UILaunchStoryboardName = LaunchScreen;
				INFOPLIST_KEY_UIMainStoryboardFile = Main;
				INFOPLIST_KEY_UISupportedInterfaceOrientations_iPad = "UIInterfaceOrientationPortrait UIInterfaceOrientationPortraitUpsideDown UIInterfaceOrientationLandscapeLeft UIInterfaceOrientationLandscapeRight";
				INFOPLIST_KEY_UISupportedInterfaceOrientations_iPhone = "UIInterfaceOrientationPortrait UIInterfaceOrientationLandscapeLeft UIInterfaceOrientationLandscapeRight";
				LD_RUNPATH_SEARCH_PATHS = (
					"$(inherited)",
					"@executable_path/Frameworks",
				);
				MARKETING_VERSION = 1.0;
				PRODUCT_BUNDLE_IDENTIFIER = "com.samaratech.dynamicForm.Ticket-Management-System";
				PRODUCT_NAME = "$(TARGET_NAME)";
				SWIFT_EMIT_LOC_STRINGS = YES;
				SWIFT_VERSION = 5.0;
				TARGETED_DEVICE_FAMILY = "1,2";
			};
			name = Debug;
		};
		A69A96412A5FFFBB00ED6850 /* Release */ = {
			isa = XCBuildConfiguration;
			baseConfigurationReference = A7DC21CF70F639F7C22AA6FA /* Pods-Ticket Management System.release.xcconfig */;
			buildSettings = {
				ASSETCATALOG_COMPILER_APPICON_NAME = AppIcon;
				ASSETCATALOG_COMPILER_GLOBAL_ACCENT_COLOR_NAME = AccentColor;
				CODE_SIGN_STYLE = Automatic;
				CURRENT_PROJECT_VERSION = 1;
				DEVELOPMENT_TEAM = 55TZ27G7ZN;
				GENERATE_INFOPLIST_FILE = YES;
				INFOPLIST_FILE = "Ticket Management System/Info.plist";
				INFOPLIST_KEY_UIApplicationSupportsIndirectInputEvents = YES;
				INFOPLIST_KEY_UILaunchStoryboardName = LaunchScreen;
				INFOPLIST_KEY_UIMainStoryboardFile = Main;
				INFOPLIST_KEY_UISupportedInterfaceOrientations_iPad = "UIInterfaceOrientationPortrait UIInterfaceOrientationPortraitUpsideDown UIInterfaceOrientationLandscapeLeft UIInterfaceOrientationLandscapeRight";
				INFOPLIST_KEY_UISupportedInterfaceOrientations_iPhone = "UIInterfaceOrientationPortrait UIInterfaceOrientationLandscapeLeft UIInterfaceOrientationLandscapeRight";
				LD_RUNPATH_SEARCH_PATHS = (
					"$(inherited)",
					"@executable_path/Frameworks",
				);
				MARKETING_VERSION = 1.0;
				PRODUCT_BUNDLE_IDENTIFIER = "com.samaratech.dynamicForm.Ticket-Management-System";
				PRODUCT_NAME = "$(TARGET_NAME)";
				SWIFT_EMIT_LOC_STRINGS = YES;
				SWIFT_VERSION = 5.0;
				TARGETED_DEVICE_FAMILY = "1,2";
			};
			name = Release;
		};
/* End XCBuildConfiguration section */

/* Begin XCConfigurationList section */
		A69A96262A5FFFB800ED6850 /* Build configuration list for PBXProject "Ticket Management System" */ = {
			isa = XCConfigurationList;
			buildConfigurations = (
				A69A963D2A5FFFBB00ED6850 /* Debug */,
				A69A963E2A5FFFBB00ED6850 /* Release */,
			);
			defaultConfigurationIsVisible = 0;
			defaultConfigurationName = Release;
		};
		A69A963F2A5FFFBB00ED6850 /* Build configuration list for PBXNativeTarget "Ticket Management System" */ = {
			isa = XCConfigurationList;
			buildConfigurations = (
				A69A96402A5FFFBB00ED6850 /* Debug */,
				A69A96412A5FFFBB00ED6850 /* Release */,
			);
			defaultConfigurationIsVisible = 0;
			defaultConfigurationName = Release;
		};
/* End XCConfigurationList section */
	};
	rootObject = A69A96232A5FFFB800ED6850 /* Project object */;
}
